{
  "lockfileVersion": 1,
  "configVersion": 1,
  "workspaces": {
    "": {
      "name": "nix-app",
      "dependencies": {
        "@deijose/nix-js": "1.7.1",
        "install": "^0.13.0",
      },
    },
  },
  "packages": {
    "@deijose/nix-js": ["@deijose/nix-js@1.7.1", "", {}, "sha512-Zyxs0ahdNYU71s4DxcFvEOYc2fcwYvpzhAfwV63QTWGmU4YeXSHEjrhX243c+MOzYvLTds34vJaE6Nheq2B5Lg=="],

    "install": ["install@0.13.0", "", {}, "sha512-zDml/jzr2PKU9I8J/xyZBQn8rPCAY//UOYNmR01XwNwyfhEWObo2SWfSl1+0tm1u6PhxLwDnfsT/6jB7OUxqFA=="],
  }
}
