{
  "lockfileVersion": 1,
  "configVersion": 1,
  "workspaces": {
    "": {
      "name": "nix-app",
      "dependencies": {
        "@deijose/nix-js": "1.9.0",
        "install": "^0.13.0",
      },
    },
  },
  "packages": {
    "@deijose/nix-js": ["@deijose/nix-js@1.9.0", "", {}, "sha512-0UOdNVXH+nL4YXt/ubhm/mlRC06atDDfaUv4Syi0a5bk/cRYT40JTb7oOYFx8wKfUaCQuk653T64O+yMakCR3g=="],

    "install": ["install@0.13.0", "", {}, "sha512-zDml/jzr2PKU9I8J/xyZBQn8rPCAY//UOYNmR01XwNwyfhEWObo2SWfSl1+0tm1u6PhxLwDnfsT/6jB7OUxqFA=="],
  }
}
